
Microsoft Visual Studio Solution File, Format Version 12.00
# Visual Studio 15
VisualStudioVersion = 15.0.28010.2046
MinimumVisualStudioVersion = 10.0.40219.1
Project("{FAE04EC0-301F-11D3-BF4B-00C04F79EFBC}") = "HealthAPI", "HealthAPI\HealthAPI.csproj", "{F46B4199-7317-4F22-BC1E-D98005B73DA8}"
EndProject
Global
	GlobalSection(SolutionConfigurationPlatforms) = preSolution
		Debug|Any CPU = Debug|Any CPU
		Release|Any CPU = Release|Any CPU
	EndGlobalSection
	GlobalSection(ProjectConfigurationPlatforms) = postSolution
		{F46B4199-7317-4F22-BC1E-D98005B73DA8}.Debug|Any CPU.ActiveCfg = Debug|Any CPU
		{F46B4199-7317-4F22-BC1E-D98005B73DA8}.Debug|Any CPU.Build.0 = Debug|Any CPU
		{F46B4199-7317-4F22-BC1E-D98005B73DA8}.Release|Any CPU.ActiveCfg = Release|Any CPU
		{F46B4199-7317-4F22-BC1E-D98005B73DA8}.Release|Any CPU.Build.0 = Release|Any CPU
	EndGlobalSection
	GlobalSection(SolutionProperties) = preSolution
		HideSolutionNode = FALSE
	EndGlobalSection
	GlobalSection(ExtensibilityGlobals) = postSolution
		SolutionGuid = {5E55222E-8DE2-48BA-8635-2670D71B984D}
	EndGlobalSection
EndGlobal
